
Microsoft Visual Studio Solution File, Format Version 12.00
# Visual Studio 15
VisualStudioVersion = 15.0.28307.1231
MinimumVisualStudioVersion = 10.0.40219.1
Project("{888888A0-9F3D-457C-B088-3A5042F75D52}") = "SerialNumberScraper", "SerialNumberScraper\SerialNumberScraper.pyproj", "{72585BC7-5272-48A6-BA57-DCB6C5FBD28E}"
EndProject
Global
	GlobalSection(SolutionConfigurationPlatforms) = preSolution
		Debug|Any CPU = Debug|Any CPU
		Release|Any CPU = Release|Any CPU
	EndGlobalSection
	GlobalSection(ProjectConfigurationPlatforms) = postSolution
		{72585BC7-5272-48A6-BA57-DCB6C5FBD28E}.Debug|Any CPU.ActiveCfg = Debug|Any CPU
		{72585BC7-5272-48A6-BA57-DCB6C5FBD28E}.Release|Any CPU.ActiveCfg = Release|Any CPU
	EndGlobalSection
	GlobalSection(SolutionProperties) = preSolution
		HideSolutionNode = FALSE
	EndGlobalSection
	GlobalSection(ExtensibilityGlobals) = postSolution
		SolutionGuid = {3E3CE5E1-0942-4CED-A43A-2CDEE90045AB}
	EndGlobalSection
EndGlobal
